PODS:
  - audioplayer (0.0.1):
    - Flutter
  - Flutter (1.0.0)

DEPENDENCIES:
  - audioplayer (from `.symlinks/plugins/audioplayer/ios`)
  - Flutter (from `.symlinks/flutter/ios`)

EXTERNAL SOURCES:
  audioplayer:
    :path: ".symlinks/plugins/audioplayer/ios"
  Flutter:
    :path: ".symlinks/flutter/ios"

SPEC CHECKSUMS:
  audioplayer: f4462b84216b9c55f02bbbdc7ab60eec7427b2d4
  Flutter: 0e3d915762c693b495b44d77113d4970485de6ec

PODFILE CHECKSUM: 10ae9c18d12c9ffc2275c9a159a3b1e281990db0

COCOAPODS: 1.8.4
